
Microsoft Visual Studio Solution File, Format Version 12.00
# Visual Studio Version 17
VisualStudioVersion = 17.14.36623.8
MinimumVisualStudioVersion = 10.0.40219.1
Project("{FAE04EC0-301F-11D3-BF4B-00C04F79EFBC}") = "ColinhoDaCaApi", "ColinhoDaCaApi\ColinhoDaCaApi.csproj", "{C636ACED-FCB7-4E41-A855-681FBCBA7F7A}"
EndProject
Global
	GlobalSection(SolutionConfigurationPlatforms) = preSolution
		Debug|Any CPU = Debug|Any CPU
		Release|Any CPU = Release|Any CPU
	EndGlobalSection
	GlobalSection(ProjectConfigurationPlatforms) = postSolution
		{C636ACED-FCB7-4E41-A855-681FBCBA7F7A}.Debug|Any CPU.ActiveCfg = Debug|Any CPU
		{C636ACED-FCB7-4E41-A855-681FBCBA7F7A}.Debug|Any CPU.Build.0 = Debug|Any CPU
		{C636ACED-FCB7-4E41-A855-681FBCBA7F7A}.Release|Any CPU.ActiveCfg = Release|Any CPU
		{C636ACED-FCB7-4E41-A855-681FBCBA7F7A}.Release|Any CPU.Build.0 = Release|Any CPU
	EndGlobalSection
	GlobalSection(SolutionProperties) = preSolution
		HideSolutionNode = FALSE
	EndGlobalSection
	GlobalSection(ExtensibilityGlobals) = postSolution
		SolutionGuid = {D1F2F7A1-4371-4F8A-BAE3-511EF9A20834}
	EndGlobalSection
EndGlobal
