
Microsoft Visual Studio Solution File, Format Version 12.00
# Visual Studio Version 17
VisualStudioVersion = 17.14.36623.8
MinimumVisualStudioVersion = 10.0.40219.1
Project("{FAE04EC0-301F-11D3-BF4B-00C04F79EFBC}") = "ColinhoDaCaApi", "ColinhoDaCaApi\ColinhoDaCaApi.csproj", "{C636ACED-FCB7-4E41-A855-681FBCBA7F7A}"
EndProject
Project("{FAE04EC0-301F-11D3-BF4B-00C04F79EFBC}") = "ColinhoDaCa.Application", "ColinhoDaCa.Application\ColinhoDaCa.Application.csproj", "{3E50E8DE-B361-4AD0-A1B8-A622AE7414C3}"
EndProject
Project("{FAE04EC0-301F-11D3-BF4B-00C04F79EFBC}") = "ColinhoDaCa.Domain", "ColinhoDaCa.Domain\ColinhoDaCa.Domain.csproj", "{29DEAD81-CF9B-4C91-BD7D-A081D26F0992}"
EndProject
Project("{FAE04EC0-301F-11D3-BF4B-00C04F79EFBC}") = "ColinhoDaCa.Infra.Data", "ColinhoDaCa.Infra.Data\ColinhoDaCa.Infra.Data.csproj", "{88A37ED7-642C-45CE-8E0D-BC7B2063CEC5}"
EndProject
Project("{FAE04EC0-301F-11D3-BF4B-00C04F79EFBC}") = "ColinhoDaCa.IoC", "ColinhoDaCa.IoC\ColinhoDaCa.IoC.csproj", "{D7173D07-4CF4-439A-8EEB-DD84AD9D2C48}"
EndProject
Project("{FAE04EC0-301F-11D3-BF4B-00C04F79EFBC}") = "ColinhoDaCa.TestesIntegrados", "..\tests\ColinhoDaCa.TestesIntegrados\ColinhoDaCa.TestesIntegrados.csproj", "{627A1512-BA7A-4334-9ACF-1CD29AB9ED6B}"
EndProject
Global
	GlobalSection(SolutionConfigurationPlatforms) = preSolution
		Debug|Any CPU = Debug|Any CPU
		Debug|x64 = Debug|x64
		Debug|x86 = Debug|x86
		Release|Any CPU = Release|Any CPU
		Release|x64 = Release|x64
		Release|x86 = Release|x86
	EndGlobalSection
	GlobalSection(ProjectConfigurationPlatforms) = postSolution
		{C636ACED-FCB7-4E41-A855-681FBCBA7F7A}.Debug|Any CPU.ActiveCfg = Debug|Any CPU
		{C636ACED-FCB7-4E41-A855-681FBCBA7F7A}.Debug|Any CPU.Build.0 = Debug|Any CPU
		{C636ACED-FCB7-4E41-A855-681FBCBA7F7A}.Debug|x64.ActiveCfg = Debug|Any CPU
		{C636ACED-FCB7-4E41-A855-681FBCBA7F7A}.Debug|x64.Build.0 = Debug|Any CPU
		{C636ACED-FCB7-4E41-A855-681FBCBA7F7A}.Debug|x86.ActiveCfg = Debug|Any CPU
		{C636ACED-FCB7-4E41-A855-681FBCBA7F7A}.Debug|x86.Build.0 = Debug|Any CPU
		{C636ACED-FCB7-4E41-A855-681FBCBA7F7A}.Release|Any CPU.ActiveCfg = Release|Any CPU
		{C636ACED-FCB7-4E41-A855-681FBCBA7F7A}.Release|Any CPU.Build.0 = Release|Any CPU
		{C636ACED-FCB7-4E41-A855-681FBCBA7F7A}.Release|x64.ActiveCfg = Release|Any CPU
		{C636ACED-FCB7-4E41-A855-681FBCBA7F7A}.Release|x64.Build.0 = Release|Any CPU
		{C636ACED-FCB7-4E41-A855-681FBCBA7F7A}.Release|x86.ActiveCfg = Release|Any CPU
		{C636ACED-FCB7-4E41-A855-681FBCBA7F7A}.Release|x86.Build.0 = Release|Any CPU
		{3E50E8DE-B361-4AD0-A1B8-A622AE7414C3}.Debug|Any CPU.ActiveCfg = Debug|Any CPU
		{3E50E8DE-B361-4AD0-A1B8-A622AE7414C3}.Debug|Any CPU.Build.0 = Debug|Any CPU
		{3E50E8DE-B361-4AD0-A1B8-A622AE7414C3}.Debug|x64.ActiveCfg = Debug|Any CPU
		{3E50E8DE-B361-4AD0-A1B8-A622AE7414C3}.Debug|x64.Build.0 = Debug|Any CPU
		{3E50E8DE-B361-4AD0-A1B8-A622AE7414C3}.Debug|x86.ActiveCfg = Debug|Any CPU
		{3E50E8DE-B361-4AD0-A1B8-A622AE7414C3}.Debug|x86.Build.0 = Debug|Any CPU
		{3E50E8DE-B361-4AD0-A1B8-A622AE7414C3}.Release|Any CPU.ActiveCfg = Release|Any CPU
		{3E50E8DE-B361-4AD0-A1B8-A622AE7414C3}.Release|Any CPU.Build.0 = Release|Any CPU
		{3E50E8DE-B361-4AD0-A1B8-A622AE7414C3}.Release|x64.ActiveCfg = Release|Any CPU
		{3E50E8DE-B361-4AD0-A1B8-A622AE7414C3}.Release|x64.Build.0 = Release|Any CPU
		{3E50E8DE-B361-4AD0-A1B8-A622AE7414C3}.Release|x86.ActiveCfg = Release|Any CPU
		{3E50E8DE-B361-4AD0-A1B8-A622AE7414C3}.Release|x86.Build.0 = Release|Any CPU
		{29DEAD81-CF9B-4C91-BD7D-A081D26F0992}.Debug|Any CPU.ActiveCfg = Debug|Any CPU
		{29DEAD81-CF9B-4C91-BD7D-A081D26F0992}.Debug|Any CPU.Build.0 = Debug|Any CPU
		{29DEAD81-CF9B-4C91-BD7D-A081D26F0992}.Debug|x64.ActiveCfg = Debug|Any CPU
		{29DEAD81-CF9B-4C91-BD7D-A081D26F0992}.Debug|x64.Build.0 = Debug|Any CPU
		{29DEAD81-CF9B-4C91-BD7D-A081D26F0992}.Debug|x86.ActiveCfg = Debug|Any CPU
		{29DEAD81-CF9B-4C91-BD7D-A081D26F0992}.Debug|x86.Build.0 = Debug|Any CPU
		{29DEAD81-CF9B-4C91-BD7D-A081D26F0992}.Release|Any CPU.ActiveCfg = Release|Any CPU
		{29DEAD81-CF9B-4C91-BD7D-A081D26F0992}.Release|Any CPU.Build.0 = Release|Any CPU
		{29DEAD81-CF9B-4C91-BD7D-A081D26F0992}.Release|x64.ActiveCfg = Release|Any CPU
		{29DEAD81-CF9B-4C91-BD7D-A081D26F0992}.Release|x64.Build.0 = Release|Any CPU
		{29DEAD81-CF9B-4C91-BD7D-A081D26F0992}.Release|x86.ActiveCfg = Release|Any CPU
		{29DEAD81-CF9B-4C91-BD7D-A081D26F0992}.Release|x86.Build.0 = Release|Any CPU
		{88A37ED7-642C-45CE-8E0D-BC7B2063CEC5}.Debug|Any CPU.ActiveCfg = Debug|Any CPU
		{88A37ED7-642C-45CE-8E0D-BC7B2063CEC5}.Debug|Any CPU.Build.0 = Debug|Any CPU
		{88A37ED7-642C-45CE-8E0D-BC7B2063CEC5}.Debug|x64.ActiveCfg = Debug|Any CPU
		{88A37ED7-642C-45CE-8E0D-BC7B2063CEC5}.Debug|x64.Build.0 = Debug|Any CPU
		{88A37ED7-642C-45CE-8E0D-BC7B2063CEC5}.Debug|x86.ActiveCfg = Debug|Any CPU
		{88A37ED7-642C-45CE-8E0D-BC7B2063CEC5}.Debug|x86.Build.0 = Debug|Any CPU
		{88A37ED7-642C-45CE-8E0D-BC7B2063CEC5}.Release|Any CPU.ActiveCfg = Release|Any CPU
		{88A37ED7-642C-45CE-8E0D-BC7B2063CEC5}.Release|Any CPU.Build.0 = Release|Any CPU
		{88A37ED7-642C-45CE-8E0D-BC7B2063CEC5}.Release|x64.ActiveCfg = Release|Any CPU
		{88A37ED7-642C-45CE-8E0D-BC7B2063CEC5}.Release|x64.Build.0 = Release|Any CPU
		{88A37ED7-642C-45CE-8E0D-BC7B2063CEC5}.Release|x86.ActiveCfg = Release|Any CPU
		{88A37ED7-642C-45CE-8E0D-BC7B2063CEC5}.Release|x86.Build.0 = Release|Any CPU
		{D7173D07-4CF4-439A-8EEB-DD84AD9D2C48}.Debug|Any CPU.ActiveCfg = Debug|Any CPU
		{D7173D07-4CF4-439A-8EEB-DD84AD9D2C48}.Debug|Any CPU.Build.0 = Debug|Any CPU
		{D7173D07-4CF4-439A-8EEB-DD84AD9D2C48}.Debug|x64.ActiveCfg = Debug|Any CPU
		{D7173D07-4CF4-439A-8EEB-DD84AD9D2C48}.Debug|x64.Build.0 = Debug|Any CPU
		{D7173D07-4CF4-439A-8EEB-DD84AD9D2C48}.Debug|x86.ActiveCfg = Debug|Any CPU
		{D7173D07-4CF4-439A-8EEB-DD84AD9D2C48}.Debug|x86.Build.0 = Debug|Any CPU
		{D7173D07-4CF4-439A-8EEB-DD84AD9D2C48}.Release|Any CPU.ActiveCfg = Release|Any CPU
		{D7173D07-4CF4-439A-8EEB-DD84AD9D2C48}.Release|Any CPU.Build.0 = Release|Any CPU
		{D7173D07-4CF4-439A-8EEB-DD84AD9D2C48}.Release|x64.ActiveCfg = Release|Any CPU
		{D7173D07-4CF4-439A-8EEB-DD84AD9D2C48}.Release|x64.Build.0 = Release|Any CPU
		{D7173D07-4CF4-439A-8EEB-DD84AD9D2C48}.Release|x86.ActiveCfg = Release|Any CPU
		{D7173D07-4CF4-439A-8EEB-DD84AD9D2C48}.Release|x86.Build.0 = Release|Any CPU
		{627A1512-BA7A-4334-9ACF-1CD29AB9ED6B}.Debug|Any CPU.ActiveCfg = Debug|Any CPU
		{627A1512-BA7A-4334-9ACF-1CD29AB9ED6B}.Debug|Any CPU.Build.0 = Debug|Any CPU
		{627A1512-BA7A-4334-9ACF-1CD29AB9ED6B}.Debug|x64.ActiveCfg = Debug|Any CPU
		{627A1512-BA7A-4334-9ACF-1CD29AB9ED6B}.Debug|x64.Build.0 = Debug|Any CPU
		{627A1512-BA7A-4334-9ACF-1CD29AB9ED6B}.Debug|x86.ActiveCfg = Debug|Any CPU
		{627A1512-BA7A-4334-9ACF-1CD29AB9ED6B}.Debug|x86.Build.0 = Debug|Any CPU
		{627A1512-BA7A-4334-9ACF-1CD29AB9ED6B}.Release|Any CPU.ActiveCfg = Release|Any CPU
		{627A1512-BA7A-4334-9ACF-1CD29AB9ED6B}.Release|Any CPU.Build.0 = Release|Any CPU
		{627A1512-BA7A-4334-9ACF-1CD29AB9ED6B}.Release|x64.ActiveCfg = Release|Any CPU
		{627A1512-BA7A-4334-9ACF-1CD29AB9ED6B}.Release|x64.Build.0 = Release|Any CPU
		{627A1512-BA7A-4334-9ACF-1CD29AB9ED6B}.Release|x86.ActiveCfg = Release|Any CPU
		{627A1512-BA7A-4334-9ACF-1CD29AB9ED6B}.Release|x86.Build.0 = Release|Any CPU
	EndGlobalSection
	GlobalSection(SolutionProperties) = preSolution
		HideSolutionNode = FALSE
	EndGlobalSection
	GlobalSection(ExtensibilityGlobals) = postSolution
		SolutionGuid = {D1F2F7A1-4371-4F8A-BAE3-511EF9A20834}
	EndGlobalSection
EndGlobal
